PODS:
  - MultipleProductDemo (0.1.0)
  - Nimble (9.2.1)
  - Quick (4.0.0)

DEPENDENCIES:
  - MultipleProductDemo (from `../`)
  - Nimble (~> 9.0)
  - Quick (~> 4.0)

EXTERNAL SOURCES:
  MultipleProductDemo:
    :path: "../"

SPEC CHECKSUMS:
  MultipleProductDemo: 594c0765a1c1c34a731225bf2516cc23a11fb1d9
  Nimble: e7e615c0335ee4bf5b0d786685451e62746117d5
  Quick: 6473349e43b9271a8d43839d9ba1c442ed1b7ac4

COCOAPODS: 1.10.2

PODFILE CHECKSUM: 8a08b79b0d2f9dd6f79602923419d8da3eed23c3

SPEC REPOS:
  trunk:
    - Nimble
    - Quick
